
Microsoft Visual Studio Solution File, Format Version 12.00
# Visual Studio Version 17
VisualStudioVersion = 17.14.36127.28
MinimumVisualStudioVersion = 10.0.40219.1
Project("{FAE04EC0-301F-11D3-BF4B-00C04F79EFBC}") = "Kino_Pesochnisa_16.06.25", "Kino_Pesochnisa_16.06.25\Kino_Pesochnisa_16.06.25.csproj", "{21575580-3DA6-40E0-AD1F-AD24C58D851C}"
EndProject
Global
	GlobalSection(SolutionConfigurationPlatforms) = preSolution
		Debug|Any CPU = Debug|Any CPU
		Release|Any CPU = Release|Any CPU
	EndGlobalSection
	GlobalSection(ProjectConfigurationPlatforms) = postSolution
		{21575580-3DA6-40E0-AD1F-AD24C58D851C}.Debug|Any CPU.ActiveCfg = Debug|Any CPU
		{21575580-3DA6-40E0-AD1F-AD24C58D851C}.Debug|Any CPU.Build.0 = Debug|Any CPU
		{21575580-3DA6-40E0-AD1F-AD24C58D851C}.Release|Any CPU.ActiveCfg = Release|Any CPU
		{21575580-3DA6-40E0-AD1F-AD24C58D851C}.Release|Any CPU.Build.0 = Release|Any CPU
	EndGlobalSection
	GlobalSection(SolutionProperties) = preSolution
		HideSolutionNode = FALSE
	EndGlobalSection
	GlobalSection(ExtensibilityGlobals) = postSolution
		SolutionGuid = {4CCE0563-A667-4EBE-811D-EA23CCC862DB}
	EndGlobalSection
EndGlobal
