
Microsoft Visual Studio Solution File, Format Version 12.00
# Visual Studio Version 17
VisualStudioVersion = 17.14.36202.13 d17.14
MinimumVisualStudioVersion = 10.0.40219.1
Project("{FAE04EC0-301F-11D3-BF4B-00C04F79EFBC}") = "BookStore", "BookStore\BookStore.csproj", "{C92BCDF6-EF42-4AC5-861A-3E9FD3292829}"
EndProject
Global
	GlobalSection(SolutionConfigurationPlatforms) = preSolution
		Debug|Any CPU = Debug|Any CPU
		Release|Any CPU = Release|Any CPU
	EndGlobalSection
	GlobalSection(ProjectConfigurationPlatforms) = postSolution
		{C92BCDF6-EF42-4AC5-861A-3E9FD3292829}.Debug|Any CPU.ActiveCfg = Debug|Any CPU
		{C92BCDF6-EF42-4AC5-861A-3E9FD3292829}.Debug|Any CPU.Build.0 = Debug|Any CPU
		{C92BCDF6-EF42-4AC5-861A-3E9FD3292829}.Release|Any CPU.ActiveCfg = Release|Any CPU
		{C92BCDF6-EF42-4AC5-861A-3E9FD3292829}.Release|Any CPU.Build.0 = Release|Any CPU
	EndGlobalSection
	GlobalSection(SolutionProperties) = preSolution
		HideSolutionNode = FALSE
	EndGlobalSection
	GlobalSection(ExtensibilityGlobals) = postSolution
		SolutionGuid = {61C84579-1683-475E-AF1C-3B6C4F91D05D}
	EndGlobalSection
EndGlobal
