
Microsoft Visual Studio Solution File, Format Version 12.00
# Visual Studio Version 17
VisualStudioVersion = 17.14.36202.13 d17.14
MinimumVisualStudioVersion = 10.0.40219.1
Project("{FAE04EC0-301F-11D3-BF4B-00C04F79EFBC}") = "CarApplication", "CarApplication\CarApplication.csproj", "{0D4AF93A-FC8D-400B-904D-B29824E3422A}"
EndProject
Global
	GlobalSection(SolutionConfigurationPlatforms) = preSolution
		Debug|Any CPU = Debug|Any CPU
		Release|Any CPU = Release|Any CPU
	EndGlobalSection
	GlobalSection(ProjectConfigurationPlatforms) = postSolution
		{0D4AF93A-FC8D-400B-904D-B29824E3422A}.Debug|Any CPU.ActiveCfg = Debug|Any CPU
		{0D4AF93A-FC8D-400B-904D-B29824E3422A}.Debug|Any CPU.Build.0 = Debug|Any CPU
		{0D4AF93A-FC8D-400B-904D-B29824E3422A}.Release|Any CPU.ActiveCfg = Release|Any CPU
		{0D4AF93A-FC8D-400B-904D-B29824E3422A}.Release|Any CPU.Build.0 = Release|Any CPU
	EndGlobalSection
	GlobalSection(SolutionProperties) = preSolution
		HideSolutionNode = FALSE
	EndGlobalSection
	GlobalSection(ExtensibilityGlobals) = postSolution
		SolutionGuid = {2C8DBE6E-2161-45F8-9C51-106AB74794B2}
	EndGlobalSection
EndGlobal
