
Microsoft Visual Studio Solution File, Format Version 12.00
# Visual Studio Version 17
VisualStudioVersion = 17.14.36202.13 d17.14
MinimumVisualStudioVersion = 10.0.40219.1
Project("{FAE04EC0-301F-11D3-BF4B-00C04F79EFBC}") = "ToDoList", "ToDoList\ToDoList.csproj", "{4533113B-E44C-4E7A-ACB9-9927C3C1DF24}"
EndProject
Global
	GlobalSection(SolutionConfigurationPlatforms) = preSolution
		Debug|Any CPU = Debug|Any CPU
		Release|Any CPU = Release|Any CPU
	EndGlobalSection
	GlobalSection(ProjectConfigurationPlatforms) = postSolution
		{4533113B-E44C-4E7A-ACB9-9927C3C1DF24}.Debug|Any CPU.ActiveCfg = Debug|Any CPU
		{4533113B-E44C-4E7A-ACB9-9927C3C1DF24}.Debug|Any CPU.Build.0 = Debug|Any CPU
		{4533113B-E44C-4E7A-ACB9-9927C3C1DF24}.Release|Any CPU.ActiveCfg = Release|Any CPU
		{4533113B-E44C-4E7A-ACB9-9927C3C1DF24}.Release|Any CPU.Build.0 = Release|Any CPU
	EndGlobalSection
	GlobalSection(SolutionProperties) = preSolution
		HideSolutionNode = FALSE
	EndGlobalSection
	GlobalSection(ExtensibilityGlobals) = postSolution
		SolutionGuid = {92C2AB59-67E3-46F0-89E1-463692C84283}
	EndGlobalSection
EndGlobal
